
Microsoft Visual Studio Solution File, Format Version 12.00
# Visual Studio Version 17
VisualStudioVersion = 17.3.32929.385
MinimumVisualStudioVersion = 10.0.40219.1
Project("{9A19103F-16F7-4668-BE54-9A1E7A4F7556}") = "MusicStore", "MusicStore\MusicStore.csproj", "{F1D120E0-7A1D-4FAA-9703-09A5612FAA8D}"
EndProject
Project("{2150E333-8FDC-42A3-9474-1A3956D46DE8}") = "Miscelaneous", "Miscelaneous", "{9DDA9C47-E60D-4E2E-89A1-07F0CDD15E2D}"
	ProjectSection(SolutionItems) = preProject
		.gitattributes = .gitattributes
		.gitignore = .gitignore
		README.md = README.md
	EndProjectSection
EndProject
Project("{9A19103F-16F7-4668-BE54-9A1E7A4F7556}") = "MusicStore.Entities", "MusicStore.Entities\MusicStore.Entities.csproj", "{CBDF74D6-091D-4AAA-B38D-71075020BAD1}"
EndProject
Project("{9A19103F-16F7-4668-BE54-9A1E7A4F7556}") = "MusicStore.DataAccess", "MusicStore.DataAccess\MusicStore.DataAccess.csproj", "{31255373-8DE7-42AF-8A19-E932F3E7EDEA}"
EndProject
Project("{9A19103F-16F7-4668-BE54-9A1E7A4F7556}") = "MusicStore.Dto", "MusicStore.Dto\MusicStore.Dto.csproj", "{70CC003F-1B3A-4EE7-B951-2CC6D8AD7158}"
EndProject
Project("{9A19103F-16F7-4668-BE54-9A1E7A4F7556}") = "MusicStore.Repositories", "MusicStore.Repositories\MusicStore.Repositories.csproj", "{8BCEC82F-853C-4CBF-866C-C9120DC4832C}"
EndProject
Project("{9A19103F-16F7-4668-BE54-9A1E7A4F7556}") = "MusicStore.Services", "MusicStore.Services\MusicStore.Services.csproj", "{C202F5D3-6FCE-4488-940E-D4FEB6F13661}"
EndProject
Project("{9A19103F-16F7-4668-BE54-9A1E7A4F7556}") = "MusicStore.HealthCheckApi", "MusicStore.HealthCheckApi\MusicStore.HealthCheckApi.csproj", "{F945DB9A-D618-4E8B-A0B3-23B1133D3AFF}"
EndProject
Project("{2150E333-8FDC-42A3-9474-1A3956D46DE8}") = "00. Entidades", "00. Entidades", "{042B9427-8534-4E29-9AF5-B31EF7A03A92}"
EndProject
Project("{2150E333-8FDC-42A3-9474-1A3956D46DE8}") = "01. Acceso a Datos", "01. Acceso a Datos", "{74A547EA-A235-42AE-9745-4C8E6C90D790}"
EndProject
Project("{2150E333-8FDC-42A3-9474-1A3956D46DE8}") = "03. Logica de Negocio", "03. Logica de Negocio", "{FCBF87D4-CE79-4E89-BF8D-57EA140C25E6}"
EndProject
Project("{2150E333-8FDC-42A3-9474-1A3956D46DE8}") = "04. API REST", "04. API REST", "{5954DC3C-9CF9-45D4-AEBD-39F6C75E3690}"
EndProject
Project("{2150E333-8FDC-42A3-9474-1A3956D46DE8}") = "05. Health Checks", "05. Health Checks", "{D4886462-9FCA-4C3A-B147-5C0C66EEE53D}"
EndProject
Project("{2150E333-8FDC-42A3-9474-1A3956D46DE8}") = "06. HTML", "06. HTML", "{BD6C5C5D-8BDC-4053-B873-A7AD4AA49EB2}"
	ProjectSection(SolutionItems) = preProject
		index.html = index.html
	EndProjectSection
EndProject
Project("{2150E333-8FDC-42A3-9474-1A3956D46DE8}") = "07. Pruebas Unitarias", "07. Pruebas Unitarias", "{753BBA14-F02C-4750-BC6A-BBC65ED57E1E}"
EndProject
Project("{9A19103F-16F7-4668-BE54-9A1E7A4F7556}") = "MusicStore.UnitTests", "MusicStore.UnitTests\MusicStore.UnitTests.csproj", "{855CDDE0-A72B-4FA4-97A2-D2C4E9D56F7F}"
EndProject
Project("{9A19103F-16F7-4668-BE54-9A1E7A4F7556}") = "MusicStore.DatabaseFirst", "MusicStore.DatabaseFirst\MusicStore.DatabaseFirst.csproj", "{DCE28167-A0EA-4B75-A3C5-170CE1A38D8C}"
EndProject
Global
	GlobalSection(SolutionConfigurationPlatforms) = preSolution
		Debug|Any CPU = Debug|Any CPU
		Release|Any CPU = Release|Any CPU
	EndGlobalSection
	GlobalSection(ProjectConfigurationPlatforms) = postSolution
		{F1D120E0-7A1D-4FAA-9703-09A5612FAA8D}.Debug|Any CPU.ActiveCfg = Debug|Any CPU
		{F1D120E0-7A1D-4FAA-9703-09A5612FAA8D}.Debug|Any CPU.Build.0 = Debug|Any CPU
		{F1D120E0-7A1D-4FAA-9703-09A5612FAA8D}.Release|Any CPU.ActiveCfg = Release|Any CPU
		{F1D120E0-7A1D-4FAA-9703-09A5612FAA8D}.Release|Any CPU.Build.0 = Release|Any CPU
		{CBDF74D6-091D-4AAA-B38D-71075020BAD1}.Debug|Any CPU.ActiveCfg = Debug|Any CPU
		{CBDF74D6-091D-4AAA-B38D-71075020BAD1}.Debug|Any CPU.Build.0 = Debug|Any CPU
		{CBDF74D6-091D-4AAA-B38D-71075020BAD1}.Release|Any CPU.ActiveCfg = Release|Any CPU
		{CBDF74D6-091D-4AAA-B38D-71075020BAD1}.Release|Any CPU.Build.0 = Release|Any CPU
		{31255373-8DE7-42AF-8A19-E932F3E7EDEA}.Debug|Any CPU.ActiveCfg = Debug|Any CPU
		{31255373-8DE7-42AF-8A19-E932F3E7EDEA}.Debug|Any CPU.Build.0 = Debug|Any CPU
		{31255373-8DE7-42AF-8A19-E932F3E7EDEA}.Release|Any CPU.ActiveCfg = Release|Any CPU
		{31255373-8DE7-42AF-8A19-E932F3E7EDEA}.Release|Any CPU.Build.0 = Release|Any CPU
		{70CC003F-1B3A-4EE7-B951-2CC6D8AD7158}.Debug|Any CPU.ActiveCfg = Debug|Any CPU
		{70CC003F-1B3A-4EE7-B951-2CC6D8AD7158}.Debug|Any CPU.Build.0 = Debug|Any CPU
		{70CC003F-1B3A-4EE7-B951-2CC6D8AD7158}.Release|Any CPU.ActiveCfg = Release|Any CPU
		{70CC003F-1B3A-4EE7-B951-2CC6D8AD7158}.Release|Any CPU.Build.0 = Release|Any CPU
		{8BCEC82F-853C-4CBF-866C-C9120DC4832C}.Debug|Any CPU.ActiveCfg = Debug|Any CPU
		{8BCEC82F-853C-4CBF-866C-C9120DC4832C}.Debug|Any CPU.Build.0 = Debug|Any CPU
		{8BCEC82F-853C-4CBF-866C-C9120DC4832C}.Release|Any CPU.ActiveCfg = Release|Any CPU
		{8BCEC82F-853C-4CBF-866C-C9120DC4832C}.Release|Any CPU.Build.0 = Release|Any CPU
		{C202F5D3-6FCE-4488-940E-D4FEB6F13661}.Debug|Any CPU.ActiveCfg = Debug|Any CPU
		{C202F5D3-6FCE-4488-940E-D4FEB6F13661}.Debug|Any CPU.Build.0 = Debug|Any CPU
		{C202F5D3-6FCE-4488-940E-D4FEB6F13661}.Release|Any CPU.ActiveCfg = Release|Any CPU
		{C202F5D3-6FCE-4488-940E-D4FEB6F13661}.Release|Any CPU.Build.0 = Release|Any CPU
		{F945DB9A-D618-4E8B-A0B3-23B1133D3AFF}.Debug|Any CPU.ActiveCfg = Debug|Any CPU
		{F945DB9A-D618-4E8B-A0B3-23B1133D3AFF}.Debug|Any CPU.Build.0 = Debug|Any CPU
		{F945DB9A-D618-4E8B-A0B3-23B1133D3AFF}.Release|Any CPU.ActiveCfg = Release|Any CPU
		{F945DB9A-D618-4E8B-A0B3-23B1133D3AFF}.Release|Any CPU.Build.0 = Release|Any CPU
		{855CDDE0-A72B-4FA4-97A2-D2C4E9D56F7F}.Debug|Any CPU.ActiveCfg = Debug|Any CPU
		{855CDDE0-A72B-4FA4-97A2-D2C4E9D56F7F}.Debug|Any CPU.Build.0 = Debug|Any CPU
		{855CDDE0-A72B-4FA4-97A2-D2C4E9D56F7F}.Release|Any CPU.ActiveCfg = Release|Any CPU
		{855CDDE0-A72B-4FA4-97A2-D2C4E9D56F7F}.Release|Any CPU.Build.0 = Release|Any CPU
		{DCE28167-A0EA-4B75-A3C5-170CE1A38D8C}.Debug|Any CPU.ActiveCfg = Debug|Any CPU
		{DCE28167-A0EA-4B75-A3C5-170CE1A38D8C}.Debug|Any CPU.Build.0 = Debug|Any CPU
		{DCE28167-A0EA-4B75-A3C5-170CE1A38D8C}.Release|Any CPU.ActiveCfg = Release|Any CPU
		{DCE28167-A0EA-4B75-A3C5-170CE1A38D8C}.Release|Any CPU.Build.0 = Release|Any CPU
	EndGlobalSection
	GlobalSection(SolutionProperties) = preSolution
		HideSolutionNode = FALSE
	EndGlobalSection
	GlobalSection(NestedProjects) = preSolution
		{F1D120E0-7A1D-4FAA-9703-09A5612FAA8D} = {5954DC3C-9CF9-45D4-AEBD-39F6C75E3690}
		{CBDF74D6-091D-4AAA-B38D-71075020BAD1} = {042B9427-8534-4E29-9AF5-B31EF7A03A92}
		{31255373-8DE7-42AF-8A19-E932F3E7EDEA} = {74A547EA-A235-42AE-9745-4C8E6C90D790}
		{70CC003F-1B3A-4EE7-B951-2CC6D8AD7158} = {FCBF87D4-CE79-4E89-BF8D-57EA140C25E6}
		{8BCEC82F-853C-4CBF-866C-C9120DC4832C} = {74A547EA-A235-42AE-9745-4C8E6C90D790}
		{C202F5D3-6FCE-4488-940E-D4FEB6F13661} = {FCBF87D4-CE79-4E89-BF8D-57EA140C25E6}
		{F945DB9A-D618-4E8B-A0B3-23B1133D3AFF} = {D4886462-9FCA-4C3A-B147-5C0C66EEE53D}
		{855CDDE0-A72B-4FA4-97A2-D2C4E9D56F7F} = {753BBA14-F02C-4750-BC6A-BBC65ED57E1E}
		{DCE28167-A0EA-4B75-A3C5-170CE1A38D8C} = {74A547EA-A235-42AE-9745-4C8E6C90D790}
	EndGlobalSection
	GlobalSection(ExtensibilityGlobals) = postSolution
		SolutionGuid = {19BCA102-1C72-44F9-A4E7-FFE942519394}
	EndGlobalSection
EndGlobal
